
Microsoft Visual Studio Solution File, Format Version 12.00
# Visual Studio 2012
Project("{FAE04EC0-301F-11D3-BF4B-00C04F79EFBC}") = "LL.SuspensionState", "LL.SuspensionState.csproj", "{D2AF5E10-2D88-4EAE-A33F-1B8DD8AE74CD}"
EndProject
Project("{FAE04EC0-301F-11D3-BF4B-00C04F79EFBC}") = "Metro.LL.Common", "..\..\..\..\Metro.LL.Common\Metro.LL.Common.csproj", "{65C98969-78F7-430B-BC98-35583B9808A7}"
EndProject
Global
	GlobalSection(SolutionConfigurationPlatforms) = preSolution
		Debug|Any CPU = Debug|Any CPU
		Debug|ARM = Debug|ARM
		Debug|x64 = Debug|x64
		Debug|x86 = Debug|x86
		Release|Any CPU = Release|Any CPU
		Release|ARM = Release|ARM
		Release|x64 = Release|x64
		Release|x86 = Release|x86
	EndGlobalSection
	GlobalSection(ProjectConfigurationPlatforms) = postSolution
		{D2AF5E10-2D88-4EAE-A33F-1B8DD8AE74CD}.Debug|Any CPU.ActiveCfg = Debug|Any CPU
		{D2AF5E10-2D88-4EAE-A33F-1B8DD8AE74CD}.Debug|Any CPU.Build.0 = Debug|Any CPU
		{D2AF5E10-2D88-4EAE-A33F-1B8DD8AE74CD}.Debug|Any CPU.Deploy.0 = Debug|Any CPU
		{D2AF5E10-2D88-4EAE-A33F-1B8DD8AE74CD}.Debug|ARM.ActiveCfg = Debug|ARM
		{D2AF5E10-2D88-4EAE-A33F-1B8DD8AE74CD}.Debug|ARM.Build.0 = Debug|ARM
		{D2AF5E10-2D88-4EAE-A33F-1B8DD8AE74CD}.Debug|ARM.Deploy.0 = Debug|ARM
		{D2AF5E10-2D88-4EAE-A33F-1B8DD8AE74CD}.Debug|x64.ActiveCfg = Debug|x64
		{D2AF5E10-2D88-4EAE-A33F-1B8DD8AE74CD}.Debug|x64.Build.0 = Debug|x64
		{D2AF5E10-2D88-4EAE-A33F-1B8DD8AE74CD}.Debug|x64.Deploy.0 = Debug|x64
		{D2AF5E10-2D88-4EAE-A33F-1B8DD8AE74CD}.Debug|x86.ActiveCfg = Debug|x86
		{D2AF5E10-2D88-4EAE-A33F-1B8DD8AE74CD}.Debug|x86.Build.0 = Debug|x86
		{D2AF5E10-2D88-4EAE-A33F-1B8DD8AE74CD}.Debug|x86.Deploy.0 = Debug|x86
		{D2AF5E10-2D88-4EAE-A33F-1B8DD8AE74CD}.Release|Any CPU.ActiveCfg = Release|Any CPU
		{D2AF5E10-2D88-4EAE-A33F-1B8DD8AE74CD}.Release|Any CPU.Build.0 = Release|Any CPU
		{D2AF5E10-2D88-4EAE-A33F-1B8DD8AE74CD}.Release|Any CPU.Deploy.0 = Release|Any CPU
		{D2AF5E10-2D88-4EAE-A33F-1B8DD8AE74CD}.Release|ARM.ActiveCfg = Release|ARM
		{D2AF5E10-2D88-4EAE-A33F-1B8DD8AE74CD}.Release|ARM.Build.0 = Release|ARM
		{D2AF5E10-2D88-4EAE-A33F-1B8DD8AE74CD}.Release|ARM.Deploy.0 = Release|ARM
		{D2AF5E10-2D88-4EAE-A33F-1B8DD8AE74CD}.Release|x64.ActiveCfg = Release|x64
		{D2AF5E10-2D88-4EAE-A33F-1B8DD8AE74CD}.Release|x64.Build.0 = Release|x64
		{D2AF5E10-2D88-4EAE-A33F-1B8DD8AE74CD}.Release|x64.Deploy.0 = Release|x64
		{D2AF5E10-2D88-4EAE-A33F-1B8DD8AE74CD}.Release|x86.ActiveCfg = Release|x86
		{D2AF5E10-2D88-4EAE-A33F-1B8DD8AE74CD}.Release|x86.Build.0 = Release|x86
		{D2AF5E10-2D88-4EAE-A33F-1B8DD8AE74CD}.Release|x86.Deploy.0 = Release|x86
		{65C98969-78F7-430B-BC98-35583B9808A7}.Debug|Any CPU.ActiveCfg = Debug|Any CPU
		{65C98969-78F7-430B-BC98-35583B9808A7}.Debug|Any CPU.Build.0 = Debug|Any CPU
		{65C98969-78F7-430B-BC98-35583B9808A7}.Debug|ARM.ActiveCfg = Debug|Any CPU
		{65C98969-78F7-430B-BC98-35583B9808A7}.Debug|x64.ActiveCfg = Debug|Any CPU
		{65C98969-78F7-430B-BC98-35583B9808A7}.Debug|x86.ActiveCfg = Debug|Any CPU
		{65C98969-78F7-430B-BC98-35583B9808A7}.Release|Any CPU.ActiveCfg = Release|Any CPU
		{65C98969-78F7-430B-BC98-35583B9808A7}.Release|Any CPU.Build.0 = Release|Any CPU
		{65C98969-78F7-430B-BC98-35583B9808A7}.Release|ARM.ActiveCfg = Release|Any CPU
		{65C98969-78F7-430B-BC98-35583B9808A7}.Release|x64.ActiveCfg = Release|Any CPU
		{65C98969-78F7-430B-BC98-35583B9808A7}.Release|x86.ActiveCfg = Release|Any CPU
	EndGlobalSection
	GlobalSection(SolutionProperties) = preSolution
		HideSolutionNode = FALSE
	EndGlobalSection
EndGlobal
