
Microsoft Visual Studio Solution File, Format Version 12.00
# Visual Studio 11
Project("{FAE04EC0-301F-11D3-BF4B-00C04F79EFBC}") = "Metro.LL.IntrodctionToMVVM", "Metro.LL.IntrodctionToMVVM.csproj", "{38E9D8EE-620E-4C51-A692-01F550EE1DEA}"
EndProject
Project("{FAE04EC0-301F-11D3-BF4B-00C04F79EFBC}") = "Metro.LL.Common", "..\..\..\..\Metro.LL.Common\Metro.LL.Common.csproj", "{65C98969-78F7-430B-BC98-35583B9808A7}"
EndProject
Global
	GlobalSection(SolutionConfigurationPlatforms) = preSolution
		Debug|Any CPU = Debug|Any CPU
		Release|Any CPU = Release|Any CPU
	EndGlobalSection
	GlobalSection(ProjectConfigurationPlatforms) = postSolution
		{38E9D8EE-620E-4C51-A692-01F550EE1DEA}.Debug|Any CPU.ActiveCfg = Debug|Any CPU
		{38E9D8EE-620E-4C51-A692-01F550EE1DEA}.Debug|Any CPU.Build.0 = Debug|Any CPU
		{38E9D8EE-620E-4C51-A692-01F550EE1DEA}.Debug|Any CPU.Deploy.0 = Debug|Any CPU
		{38E9D8EE-620E-4C51-A692-01F550EE1DEA}.Release|Any CPU.ActiveCfg = Release|Any CPU
		{38E9D8EE-620E-4C51-A692-01F550EE1DEA}.Release|Any CPU.Build.0 = Release|Any CPU
		{38E9D8EE-620E-4C51-A692-01F550EE1DEA}.Release|Any CPU.Deploy.0 = Release|Any CPU
		{65C98969-78F7-430B-BC98-35583B9808A7}.Debug|Any CPU.ActiveCfg = Debug|Any CPU
		{65C98969-78F7-430B-BC98-35583B9808A7}.Debug|Any CPU.Build.0 = Debug|Any CPU
		{65C98969-78F7-430B-BC98-35583B9808A7}.Release|Any CPU.ActiveCfg = Release|Any CPU
		{65C98969-78F7-430B-BC98-35583B9808A7}.Release|Any CPU.Build.0 = Release|Any CPU
	EndGlobalSection
	GlobalSection(SolutionProperties) = preSolution
		HideSolutionNode = FALSE
	EndGlobalSection
EndGlobal
